// !$*UTF8*$!
{
	archiveVersion = 1;
	classes = {
	};
	objectVersion = 46;
	objects = {

/* Begin PBXBuildFile section */
		3FCCCE07FE74E1312D364DAB /* Pods_TestErikOSX.framework in Frameworks */ = {isa = PBXBuildFile; fileRef = FF87629469CBF83CBD62FF71 /* Pods_TestErikOSX.framework */; };
		925BF0D0BD8C7920DA1E8349 /* Pods_TestErik.framework in Frameworks */ = {isa = PBXBuildFile; fileRef = 7D33B7BF9020C92DBF6EA0E9 /* Pods_TestErik.framework */; };
		C4301D261DAFE257006C7730 /* Common.swift in Sources */ = {isa = PBXBuildFile; fileRef = C4301D251DAFE257006C7730 /* Common.swift */; };
		C4301D271DAFE257006C7730 /* Common.swift in Sources */ = {isa = PBXBuildFile; fileRef = C4301D251DAFE257006C7730 /* Common.swift */; };
		C4E90D511C1DC61100715C0C /* AppDelegate.swift in Sources */ = {isa = PBXBuildFile; fileRef = C4E90D501C1DC61100715C0C /* AppDelegate.swift */; };
		C4E90D531C1DC61100715C0C /* ViewController.swift in Sources */ = {isa = PBXBuildFile; fileRef = C4E90D521C1DC61100715C0C /* ViewController.swift */; };
		C4E90D561C1DC61100715C0C /* Main.storyboard in Resources */ = {isa = PBXBuildFile; fileRef = C4E90D541C1DC61100715C0C /* Main.storyboard */; };
		C4E90D581C1DC61200715C0C /* Assets.xcassets in Resources */ = {isa = PBXBuildFile; fileRef = C4E90D571C1DC61200715C0C /* Assets.xcassets */; };
		C4E90D5B1C1DC61200715C0C /* LaunchScreen.storyboard in Resources */ = {isa = PBXBuildFile; fileRef = C4E90D591C1DC61200715C0C /* LaunchScreen.storyboard */; };
		C4E90D631C1DC62600715C0C /* Podfile in Resources */ = {isa = PBXBuildFile; fileRef = C4E90D621C1DC62500715C0C /* Podfile */; };
		C4E90D651C1DD1E300715C0C /* WebKit.framework in Frameworks */ = {isa = PBXBuildFile; fileRef = C4E90D641C1DD1E300715C0C /* WebKit.framework */; };
		C4E90D6D1C1DD22E00715C0C /* AppDelegate.swift in Sources */ = {isa = PBXBuildFile; fileRef = C4E90D6C1C1DD22E00715C0C /* AppDelegate.swift */; };
		C4E90D6F1C1DD22E00715C0C /* ViewController.swift in Sources */ = {isa = PBXBuildFile; fileRef = C4E90D6E1C1DD22E00715C0C /* ViewController.swift */; };
		C4E90D711C1DD22E00715C0C /* Assets.xcassets in Resources */ = {isa = PBXBuildFile; fileRef = C4E90D701C1DD22E00715C0C /* Assets.xcassets */; };
		C4E90D741C1DD22E00715C0C /* Main.storyboard in Resources */ = {isa = PBXBuildFile; fileRef = C4E90D721C1DD22E00715C0C /* Main.storyboard */; };
/* End PBXBuildFile section */

/* Begin PBXFileReference section */
		29527B178D5BBE1447B68F21 /* Pods-TestErik.release.xcconfig */ = {isa = PBXFileReference; includeInIndex = 1; lastKnownFileType = text.xcconfig; name = "Pods-TestErik.release.xcconfig"; path = "Pods/Target Support Files/Pods-TestErik/Pods-TestErik.release.xcconfig"; sourceTree = "<group>"; };
		5B1E1051AE242569B39DBFE2 /* Pods-TestErikOSX.release.xcconfig */ = {isa = PBXFileReference; includeInIndex = 1; lastKnownFileType = text.xcconfig; name = "Pods-TestErikOSX.release.xcconfig"; path = "Pods/Target Support Files/Pods-TestErikOSX/Pods-TestErikOSX.release.xcconfig"; sourceTree = "<group>"; };
		7D33B7BF9020C92DBF6EA0E9 /* Pods_TestErik.framework */ = {isa = PBXFileReference; explicitFileType = wrapper.framework; includeInIndex = 0; path = Pods_TestErik.framework; sourceTree = BUILT_PRODUCTS_DIR; };
		8A69ED0C9C545456430111A9 /* Pods-TestErikOSX.debug.xcconfig */ = {isa = PBXFileReference; includeInIndex = 1; lastKnownFileType = text.xcconfig; name = "Pods-TestErikOSX.debug.xcconfig"; path = "Pods/Target Support Files/Pods-TestErikOSX/Pods-TestErikOSX.debug.xcconfig"; sourceTree = "<group>"; };
		C4301D251DAFE257006C7730 /* Common.swift */ = {isa = PBXFileReference; fileEncoding = 4; lastKnownFileType = sourcecode.swift; path = Common.swift; sourceTree = "<group>"; };
		C4E90D4D1C1DC61100715C0C /* TestErik.app */ = {isa = PBXFileReference; explicitFileType = wrapper.application; includeInIndex = 0; path = TestErik.app; sourceTree = BUILT_PRODUCTS_DIR; };
		C4E90D501C1DC61100715C0C /* AppDelegate.swift */ = {isa = PBXFileReference; lastKnownFileType = sourcecode.swift; path = AppDelegate.swift; sourceTree = "<group>"; };
		C4E90D521C1DC61100715C0C /* ViewController.swift */ = {isa = PBXFileReference; lastKnownFileType = sourcecode.swift; path = ViewController.swift; sourceTree = "<group>"; };
		C4E90D551C1DC61100715C0C /* Base */ = {isa = PBXFileReference; lastKnownFileType = file.storyboard; name = Base; path = Base.lproj/Main.storyboard; sourceTree = "<group>"; };
		C4E90D571C1DC61200715C0C /* Assets.xcassets */ = {isa = PBXFileReference; lastKnownFileType = folder.assetcatalog; path = Assets.xcassets; sourceTree = "<group>"; };
		C4E90D5A1C1DC61200715C0C /* Base */ = {isa = PBXFileReference; lastKnownFileType = file.storyboard; name = Base; path = Base.lproj/LaunchScreen.storyboard; sourceTree = "<group>"; };
		C4E90D5C1C1DC61200715C0C /* Info.plist */ = {isa = PBXFileReference; lastKnownFileType = text.plist.xml; path = Info.plist; sourceTree = "<group>"; };
		C4E90D621C1DC62500715C0C /* Podfile */ = {isa = PBXFileReference; fileEncoding = 4; lastKnownFileType = text; path = Podfile; sourceTree = "<group>"; xcLanguageSpecificationIdentifier = xcode.lang.ruby; };
		C4E90D641C1DD1E300715C0C /* WebKit.framework */ = {isa = PBXFileReference; lastKnownFileType = wrapper.framework; name = WebKit.framework; path = System/Library/Frameworks/WebKit.framework; sourceTree = SDKROOT; };
		C4E90D6A1C1DD22E00715C0C /* TestErikOSX.app */ = {isa = PBXFileReference; explicitFileType = wrapper.application; includeInIndex = 0; path = TestErikOSX.app; sourceTree = BUILT_PRODUCTS_DIR; };
		C4E90D6C1C1DD22E00715C0C /* AppDelegate.swift */ = {isa = PBXFileReference; lastKnownFileType = sourcecode.swift; path = AppDelegate.swift; sourceTree = "<group>"; };
		C4E90D6E1C1DD22E00715C0C /* ViewController.swift */ = {isa = PBXFileReference; lastKnownFileType = sourcecode.swift; path = ViewController.swift; sourceTree = "<group>"; };
		C4E90D701C1DD22E00715C0C /* Assets.xcassets */ = {isa = PBXFileReference; lastKnownFileType = folder.assetcatalog; path = Assets.xcassets; sourceTree = "<group>"; };
		C4E90D731C1DD22E00715C0C /* Base */ = {isa = PBXFileReference; lastKnownFileType = file.storyboard; name = Base; path = Base.lproj/Main.storyboard; sourceTree = "<group>"; };
		C4E90D751C1DD22E00715C0C /* Info.plist */ = {isa = PBXFileReference; lastKnownFileType = text.plist.xml; path = Info.plist; sourceTree = "<group>"; };
		EC63F539FEEAD4CB5A2893C9 /* Pods-TestErik.debug.xcconfig */ = {isa = PBXFileReference; includeInIndex = 1; lastKnownFileType = text.xcconfig; name = "Pods-TestErik.debug.xcconfig"; path = "Pods/Target Support Files/Pods-TestErik/Pods-TestErik.debug.xcconfig"; sourceTree = "<group>"; };
		FF87629469CBF83CBD62FF71 /* Pods_TestErikOSX.framework */ = {isa = PBXFileReference; explicitFileType = wrapper.framework; includeInIndex = 0; path = Pods_TestErikOSX.framework; sourceTree = BUILT_PRODUCTS_DIR; };
/* End PBXFileReference section */

/* Begin PBXFrameworksBuildPhase section */
		C4E90D4A1C1DC61100715C0C /* Frameworks */ = {
			isa = PBXFrameworksBuildPhase;
			buildActionMask = 2147483647;
			files = (
				C4E90D651C1DD1E300715C0C /* WebKit.framework in Frameworks */,
				925BF0D0BD8C7920DA1E8349 /* Pods_TestErik.framework in Frameworks */,
			);
			runOnlyForDeploymentPostprocessing = 0;
		};
		C4E90D671C1DD22E00715C0C /* Frameworks */ = {
			isa = PBXFrameworksBuildPhase;
			buildActionMask = 2147483647;
			files = (
				3FCCCE07FE74E1312D364DAB /* Pods_TestErikOSX.framework in Frameworks */,
			);
			runOnlyForDeploymentPostprocessing = 0;
		};
/* End PBXFrameworksBuildPhase section */

/* Begin PBXGroup section */
		61824C4F651526EDB439AAD9 /* Frameworks */ = {
			isa = PBXGroup;
			children = (
				C4E90D641C1DD1E300715C0C /* WebKit.framework */,
				7D33B7BF9020C92DBF6EA0E9 /* Pods_TestErik.framework */,
				FF87629469CBF83CBD62FF71 /* Pods_TestErikOSX.framework */,
			);
			name = Frameworks;
			sourceTree = "<group>";
		};
		7FD6C65823C8FDC9ACE959D7 /* Pods */ = {
			isa = PBXGroup;
			children = (
				EC63F539FEEAD4CB5A2893C9 /* Pods-TestErik.debug.xcconfig */,
				29527B178D5BBE1447B68F21 /* Pods-TestErik.release.xcconfig */,
				8A69ED0C9C545456430111A9 /* Pods-TestErikOSX.debug.xcconfig */,
				5B1E1051AE242569B39DBFE2 /* Pods-TestErikOSX.release.xcconfig */,
			);
			name = Pods;
			sourceTree = "<group>";
		};
		C4E90D441C1DC61100715C0C = {
			isa = PBXGroup;
			children = (
				C4E90D4F1C1DC61100715C0C /* TestErik */,
				C4E90D6B1C1DD22E00715C0C /* TestErikOSX */,
				C4E90D4E1C1DC61100715C0C /* Products */,
				C4E90D621C1DC62500715C0C /* Podfile */,
				7FD6C65823C8FDC9ACE959D7 /* Pods */,
				61824C4F651526EDB439AAD9 /* Frameworks */,
			);
			sourceTree = "<group>";
		};
		C4E90D4E1C1DC61100715C0C /* Products */ = {
			isa = PBXGroup;
			children = (
				C4E90D4D1C1DC61100715C0C /* TestErik.app */,
				C4E90D6A1C1DD22E00715C0C /* TestErikOSX.app */,
			);
			name = Products;
			sourceTree = "<group>";
		};
		C4E90D4F1C1DC61100715C0C /* TestErik */ = {
			isa = PBXGroup;
			children = (
				C4301D251DAFE257006C7730 /* Common.swift */,
				C4E90D501C1DC61100715C0C /* AppDelegate.swift */,
				C4E90D521C1DC61100715C0C /* ViewController.swift */,
				C4E90D541C1DC61100715C0C /* Main.storyboard */,
				C4E90D571C1DC61200715C0C /* Assets.xcassets */,
				C4E90D591C1DC61200715C0C /* LaunchScreen.storyboard */,
				C4E90D5C1C1DC61200715C0C /* Info.plist */,
			);
			path = TestErik;
			sourceTree = "<group>";
		};
		C4E90D6B1C1DD22E00715C0C /* TestErikOSX */ = {
			isa = PBXGroup;
			children = (
				C4E90D6C1C1DD22E00715C0C /* AppDelegate.swift */,
				C4E90D6E1C1DD22E00715C0C /* ViewController.swift */,
				C4E90D701C1DD22E00715C0C /* Assets.xcassets */,
				C4E90D721C1DD22E00715C0C /* Main.storyboard */,
				C4E90D751C1DD22E00715C0C /* Info.plist */,
			);
			path = TestErikOSX;
			sourceTree = "<group>";
		};
/* End PBXGroup section */

/* Begin PBXNativeTarget section */
		C4E90D4C1C1DC61100715C0C /* TestErik */ = {
			isa = PBXNativeTarget;
			buildConfigurationList = C4E90D5F1C1DC61200715C0C /* Build configuration list for PBXNativeTarget "TestErik" */;
			buildPhases = (
				AE3196E211CCD41414A90C1A /* [CP] Check Pods Manifest.lock */,
				C4E90D491C1DC61100715C0C /* Sources */,
				C4E90D4A1C1DC61100715C0C /* Frameworks */,
				C4E90D4B1C1DC61100715C0C /* Resources */,
				345599BFADB7FB36ED82348C /* [CP] Embed Pods Frameworks */,
				1DF0EBFC130DB2C18531C39F /* [CP] Copy Pods Resources */,
			);
			buildRules = (
			);
			dependencies = (
			);
			name = TestErik;
			productName = TestErik;
			productReference = C4E90D4D1C1DC61100715C0C /* TestErik.app */;
			productType = "com.apple.product-type.application";
		};
		C4E90D691C1DD22E00715C0C /* TestErikOSX */ = {
			isa = PBXNativeTarget;
			buildConfigurationList = C4E90D761C1DD22E00715C0C /* Build configuration list for PBXNativeTarget "TestErikOSX" */;
			buildPhases = (
				0FEAFA9006BCD1E82070901E /* [CP] Check Pods Manifest.lock */,
				C4E90D661C1DD22E00715C0C /* Sources */,
				C4E90D671C1DD22E00715C0C /* Frameworks */,
				C4E90D681C1DD22E00715C0C /* Resources */,
				2B959C471B08007F054A14FD /* [CP] Embed Pods Frameworks */,
				9A9D86954E631BB8FD69AF09 /* [CP] Copy Pods Resources */,
			);
			buildRules = (
			);
			dependencies = (
			);
			name = TestErikOSX;
			productName = TestErikOSX;
			productReference = C4E90D6A1C1DD22E00715C0C /* TestErikOSX.app */;
			productType = "com.apple.product-type.application";
		};
/* End PBXNativeTarget section */

/* Begin PBXProject section */
		C4E90D451C1DC61100715C0C /* Project object */ = {
			isa = PBXProject;
			attributes = {
				LastSwiftUpdateCheck = 0710;
				LastUpgradeCheck = 0820;
				ORGANIZATIONNAME = phimage;
				TargetAttributes = {
					C4E90D4C1C1DC61100715C0C = {
						CreatedOnToolsVersion = 7.1.1;
						DevelopmentTeam = GGU39CDBL2;
						LastSwiftMigration = 0800;
					};
					C4E90D691C1DD22E00715C0C = {
						CreatedOnToolsVersion = 7.1.1;
					};
				};
			};
			buildConfigurationList = C4E90D481C1DC61100715C0C /* Build configuration list for PBXProject "TestErik" */;
			compatibilityVersion = "Xcode 3.2";
			developmentRegion = English;
			hasScannedForEncodings = 0;
			knownRegions = (
				en,
				Base,
			);
			mainGroup = C4E90D441C1DC61100715C0C;
			productRefGroup = C4E90D4E1C1DC61100715C0C /* Products */;
			projectDirPath = "";
			projectRoot = "";
			targets = (
				C4E90D4C1C1DC61100715C0C /* TestErik */,
				C4E90D691C1DD22E00715C0C /* TestErikOSX */,
			);
		};
/* End PBXProject section */

/* Begin PBXResourcesBuildPhase section */
		C4E90D4B1C1DC61100715C0C /* Resources */ = {
			isa = PBXResourcesBuildPhase;
			buildActionMask = 2147483647;
			files = (
				C4E90D5B1C1DC61200715C0C /* LaunchScreen.storyboard in Resources */,
				C4E90D581C1DC61200715C0C /* Assets.xcassets in Resources */,
				C4E90D631C1DC62600715C0C /* Podfile in Resources */,
				C4E90D561C1DC61100715C0C /* Main.storyboard in Resources */,
			);
			runOnlyForDeploymentPostprocessing = 0;
		};
		C4E90D681C1DD22E00715C0C /* Resources */ = {
			isa = PBXResourcesBuildPhase;
			buildActionMask = 2147483647;
			files = (
				C4E90D711C1DD22E00715C0C /* Assets.xcassets in Resources */,
				C4E90D741C1DD22E00715C0C /* Main.storyboard in Resources */,
			);
			runOnlyForDeploymentPostprocessing = 0;
		};
/* End PBXResourcesBuildPhase section */

/* Begin PBXShellScriptBuildPhase section */
		0FEAFA9006BCD1E82070901E /* [CP] Check Pods Manifest.lock */ = {
			isa = PBXShellScriptBuildPhase;
			buildActionMask = 2147483647;
			files = (
			);
			inputPaths = (
			);
			name = "[CP] Check Pods Manifest.lock";
			outputPaths = (
			);
			runOnlyForDeploymentPostprocessing = 0;
			shellPath = /bin/sh;
			shellScript = "diff \"${PODS_ROOT}/../Podfile.lock\" \"${PODS_ROOT}/Manifest.lock\" > /dev/null\nif [ $? != 0 ] ; then\n    # print error to STDERR\n    echo \"error: The sandbox is not in sync with the Podfile.lock. Run 'pod install' or update your CocoaPods installation.\" >&2\n    exit 1\nfi\n";
			showEnvVarsInLog = 0;
		};
		1DF0EBFC130DB2C18531C39F /* [CP] Copy Pods Resources */ = {
			isa = PBXShellScriptBuildPhase;
			buildActionMask = 2147483647;
			files = (
			);
			inputPaths = (
			);
			name = "[CP] Copy Pods Resources";
			outputPaths = (
			);
			runOnlyForDeploymentPostprocessing = 0;
			shellPath = /bin/sh;
			shellScript = "\"${SRCROOT}/Pods/Target Support Files/Pods-TestErik/Pods-TestErik-resources.sh\"\n";
			showEnvVarsInLog = 0;
		};
		2B959C471B08007F054A14FD /* [CP] Embed Pods Frameworks */ = {
			isa = PBXShellScriptBuildPhase;
			buildActionMask = 2147483647;
			files = (
			);
			inputPaths = (
			);
			name = "[CP] Embed Pods Frameworks";
			outputPaths = (
			);
			runOnlyForDeploymentPostprocessing = 0;
			shellPath = /bin/sh;
			shellScript = "\"${SRCROOT}/Pods/Target Support Files/Pods-TestErikOSX/Pods-TestErikOSX-frameworks.sh\"\n";
			showEnvVarsInLog = 0;
		};
		345599BFADB7FB36ED82348C /* [CP] Embed Pods Frameworks */ = {
			isa = PBXShellScriptBuildPhase;
			buildActionMask = 2147483647;
			files = (
			);
			inputPaths = (
			);
			name = "[CP] Embed Pods Frameworks";
			outputPaths = (
			);
			runOnlyForDeploymentPostprocessing = 0;
			shellPath = /bin/sh;
			shellScript = "\"${SRCROOT}/Pods/Target Support Files/Pods-TestErik/Pods-TestErik-frameworks.sh\"\n";
			showEnvVarsInLog = 0;
		};
		9A9D86954E631BB8FD69AF09 /* [CP] Copy Pods Resources */ = {
			isa = PBXShellScriptBuildPhase;
			buildActionMask = 2147483647;
			files = (
			);
			inputPaths = (
			);
			name = "[CP] Copy Pods Resources";
			outputPaths = (
			);
			runOnlyForDeploymentPostprocessing = 0;
			shellPath = /bin/sh;
			shellScript = "\"${SRCROOT}/Pods/Target Support Files/Pods-TestErikOSX/Pods-TestErikOSX-resources.sh\"\n";
			showEnvVarsInLog = 0;
		};
		AE3196E211CCD41414A90C1A /* [CP] Check Pods Manifest.lock */ = {
			isa = PBXShellScriptBuildPhase;
			buildActionMask = 2147483647;
			files = (
			);
			inputPaths = (
			);
			name = "[CP] Check Pods Manifest.lock";
			outputPaths = (
			);
			runOnlyForDeploymentPostprocessing = 0;
			shellPath = /bin/sh;
			shellScript = "diff \"${PODS_ROOT}/../Podfile.lock\" \"${PODS_ROOT}/Manifest.lock\" > /dev/null\nif [ $? != 0 ] ; then\n    # print error to STDERR\n    echo \"error: The sandbox is not in sync with the Podfile.lock. Run 'pod install' or update your CocoaPods installation.\" >&2\n    exit 1\nfi\n";
			showEnvVarsInLog = 0;
		};
/* End PBXShellScriptBuildPhase section */

/* Begin PBXSourcesBuildPhase section */
		C4E90D491C1DC61100715C0C /* Sources */ = {
			isa = PBXSourcesBuildPhase;
			buildActionMask = 2147483647;
			files = (
				C4E90D531C1DC61100715C0C /* ViewController.swift in Sources */,
				C4301D261DAFE257006C7730 /* Common.swift in Sources */,
				C4E90D511C1DC61100715C0C /* AppDelegate.swift in Sources */,
			);
			runOnlyForDeploymentPostprocessing = 0;
		};
		C4E90D661C1DD22E00715C0C /* Sources */ = {
			isa = PBXSourcesBuildPhase;
			buildActionMask = 2147483647;
			files = (
				C4E90D6F1C1DD22E00715C0C /* ViewController.swift in Sources */,
				C4301D271DAFE257006C7730 /* Common.swift in Sources */,
				C4E90D6D1C1DD22E00715C0C /* AppDelegate.swift in Sources */,
			);
			runOnlyForDeploymentPostprocessing = 0;
		};
/* End PBXSourcesBuildPhase section */

/* Begin PBXVariantGroup section */
		C4E90D541C1DC61100715C0C /* Main.storyboard */ = {
			isa = PBXVariantGroup;
			children = (
				C4E90D551C1DC61100715C0C /* Base */,
			);
			name = Main.storyboard;
			sourceTree = "<group>";
		};
		C4E90D591C1DC61200715C0C /* LaunchScreen.storyboard */ = {
			isa = PBXVariantGroup;
			children = (
				C4E90D5A1C1DC61200715C0C /* Base */,
			);
			name = LaunchScreen.storyboard;
			sourceTree = "<group>";
		};
		C4E90D721C1DD22E00715C0C /* Main.storyboard */ = {
			isa = PBXVariantGroup;
			children = (
				C4E90D731C1DD22E00715C0C /* Base */,
			);
			name = Main.storyboard;
			sourceTree = "<group>";
		};
/* End PBXVariantGroup section */

/* Begin XCBuildConfiguration section */
		C4E90D5D1C1DC61200715C0C /* Debug */ = {
			isa = XCBuildConfiguration;
			buildSettings = {
				ALWAYS_SEARCH_USER_PATHS = NO;
				CLANG_CXX_LANGUAGE_STANDARD = "gnu++0x";
				CLANG_CXX_LIBRARY = "libc++";
				CLANG_ENABLE_MODULES = YES;
				CLANG_ENABLE_OBJC_ARC = YES;
				CLANG_WARN_BOOL_CONVERSION = YES;
				CLANG_WARN_CONSTANT_CONVERSION = YES;
				CLANG_WARN_DIRECT_OBJC_ISA_USAGE = YES_ERROR;
				CLANG_WARN_EMPTY_BODY = YES;
				CLANG_WARN_ENUM_CONVERSION = YES;
				CLANG_WARN_INFINITE_RECURSION = YES;
				CLANG_WARN_INT_CONVERSION = YES;
				CLANG_WARN_OBJC_ROOT_CLASS = YES_ERROR;
				CLANG_WARN_SUSPICIOUS_MOVE = YES;
				CLANG_WARN_UNREACHABLE_CODE = YES;
				CLANG_WARN__DUPLICATE_METHOD_MATCH = YES;
				"CODE_SIGN_IDENTITY[sdk=iphoneos*]" = "iPhone Developer";
				COPY_PHASE_STRIP = NO;
				DEBUG_INFORMATION_FORMAT = dwarf;
				ENABLE_STRICT_OBJC_MSGSEND = YES;
				ENABLE_TESTABILITY = YES;
				GCC_C_LANGUAGE_STANDARD = gnu99;
				GCC_DYNAMIC_NO_PIC = NO;
				GCC_NO_COMMON_BLOCKS = YES;
				GCC_OPTIMIZATION_LEVEL = 0;
				GCC_PREPROCESSOR_DEFINITIONS = (
					"DEBUG=1",
					"$(inherited)",
				);
				GCC_WARN_64_TO_32_BIT_CONVERSION = YES;
				GCC_WARN_ABOUT_RETURN_TYPE = YES_ERROR;
				GCC_WARN_UNDECLARED_SELECTOR = YES;
				GCC_WARN_UNINITIALIZED_AUTOS = YES_AGGRESSIVE;
				GCC_WARN_UNUSED_FUNCTION = YES;
				GCC_WARN_UNUSED_VARIABLE = YES;
				IPHONEOS_DEPLOYMENT_TARGET = 9.1;
				MTL_ENABLE_DEBUG_INFO = YES;
				ONLY_ACTIVE_ARCH = YES;
				SDKROOT = iphoneos;
				SWIFT_OPTIMIZATION_LEVEL = "-Onone";
				TARGETED_DEVICE_FAMILY = "1,2";
			};
			name = Debug;
		};
		C4E90D5E1C1DC61200715C0C /* Release */ = {
			isa = XCBuildConfiguration;
			buildSettings = {
				ALWAYS_SEARCH_USER_PATHS = NO;
				CLANG_CXX_LANGUAGE_STANDARD = "gnu++0x";
				CLANG_CXX_LIBRARY = "libc++";
				CLANG_ENABLE_MODULES = YES;
				CLANG_ENABLE_OBJC_ARC = YES;
				CLANG_WARN_BOOL_CONVERSION = YES;
				CLANG_WARN_CONSTANT_CONVERSION = YES;
				CLANG_WARN_DIRECT_OBJC_ISA_USAGE = YES_ERROR;
				CLANG_WARN_EMPTY_BODY = YES;
				CLANG_WARN_ENUM_CONVERSION = YES;
				CLANG_WARN_INFINITE_RECURSION = YES;
				CLANG_WARN_INT_CONVERSION = YES;
				CLANG_WARN_OBJC_ROOT_CLASS = YES_ERROR;
				CLANG_WARN_SUSPICIOUS_MOVE = YES;
				CLANG_WARN_UNREACHABLE_CODE = YES;
				CLANG_WARN__DUPLICATE_METHOD_MATCH = YES;
				"CODE_SIGN_IDENTITY[sdk=iphoneos*]" = "iPhone Developer";
				COPY_PHASE_STRIP = NO;
				DEBUG_INFORMATION_FORMAT = "dwarf-with-dsym";
				ENABLE_NS_ASSERTIONS = NO;
				ENABLE_STRICT_OBJC_MSGSEND = YES;
				GCC_C_LANGUAGE_STANDARD = gnu99;
				GCC_NO_COMMON_BLOCKS = YES;
				GCC_WARN_64_TO_32_BIT_CONVERSION = YES;
				GCC_WARN_ABOUT_RETURN_TYPE = YES_ERROR;
				GCC_WARN_UNDECLARED_SELECTOR = YES;
				GCC_WARN_UNINITIALIZED_AUTOS = YES_AGGRESSIVE;
				GCC_WARN_UNUSED_FUNCTION = YES;
				GCC_WARN_UNUSED_VARIABLE = YES;
				IPHONEOS_DEPLOYMENT_TARGET = 9.1;
				MTL_ENABLE_DEBUG_INFO = NO;
				SDKROOT = iphoneos;
				SWIFT_OPTIMIZATION_LEVEL = "-Owholemodule";
				TARGETED_DEVICE_FAMILY = "1,2";
				VALIDATE_PRODUCT = YES;
			};
			name = Release;
		};
		C4E90D601C1DC61200715C0C /* Debug */ = {
			isa = XCBuildConfiguration;
			baseConfigurationReference = EC63F539FEEAD4CB5A2893C9 /* Pods-TestErik.debug.xcconfig */;
			buildSettings = {
				ALWAYS_EMBED_SWIFT_STANDARD_LIBRARIES = YES;
				ASSETCATALOG_COMPILER_APPICON_NAME = AppIcon;
				INFOPLIST_FILE = TestErik/Info.plist;
				LD_RUNPATH_SEARCH_PATHS = "$(inherited) @executable_path/Frameworks";
				PRODUCT_BUNDLE_IDENTIFIER = tv.phimage.TestErik;
				PRODUCT_NAME = "$(TARGET_NAME)";
				SWIFT_VERSION = 3.0;
			};
			name = Debug;
		};
		C4E90D611C1DC61200715C0C /* Release */ = {
			isa = XCBuildConfiguration;
			baseConfigurationReference = 29527B178D5BBE1447B68F21 /* Pods-TestErik.release.xcconfig */;
			buildSettings = {
				ALWAYS_EMBED_SWIFT_STANDARD_LIBRARIES = YES;
				ASSETCATALOG_COMPILER_APPICON_NAME = AppIcon;
				INFOPLIST_FILE = TestErik/Info.plist;
				LD_RUNPATH_SEARCH_PATHS = "$(inherited) @executable_path/Frameworks";
				PRODUCT_BUNDLE_IDENTIFIER = tv.phimage.TestErik;
				PRODUCT_NAME = "$(TARGET_NAME)";
				SWIFT_VERSION = 3.0;
			};
			name = Release;
		};
		C4E90D771C1DD22E00715C0C /* Debug */ = {
			isa = XCBuildConfiguration;
			baseConfigurationReference = 8A69ED0C9C545456430111A9 /* Pods-TestErikOSX.debug.xcconfig */;
			buildSettings = {
				ALWAYS_EMBED_SWIFT_STANDARD_LIBRARIES = YES;
				ASSETCATALOG_COMPILER_APPICON_NAME = AppIcon;
				CODE_SIGN_IDENTITY = "-";
				COMBINE_HIDPI_IMAGES = YES;
				INFOPLIST_FILE = TestErikOSX/Info.plist;
				LD_RUNPATH_SEARCH_PATHS = "$(inherited) @executable_path/../Frameworks";
				MACOSX_DEPLOYMENT_TARGET = 10.10;
				PRODUCT_BUNDLE_IDENTIFIER = tv.phimage.TestErikOSX;
				PRODUCT_NAME = "$(TARGET_NAME)";
				SDKROOT = macosx;
				SWIFT_VERSION = 3.0;
			};
			name = Debug;
		};
		C4E90D781C1DD22E00715C0C /* Release */ = {
			isa = XCBuildConfiguration;
			baseConfigurationReference = 5B1E1051AE242569B39DBFE2 /* Pods-TestErikOSX.release.xcconfig */;
			buildSettings = {
				ALWAYS_EMBED_SWIFT_STANDARD_LIBRARIES = YES;
				ASSETCATALOG_COMPILER_APPICON_NAME = AppIcon;
				CODE_SIGN_IDENTITY = "-";
				COMBINE_HIDPI_IMAGES = YES;
				INFOPLIST_FILE = TestErikOSX/Info.plist;
				LD_RUNPATH_SEARCH_PATHS = "$(inherited) @executable_path/../Frameworks";
				MACOSX_DEPLOYMENT_TARGET = 10.10;
				PRODUCT_BUNDLE_IDENTIFIER = tv.phimage.TestErikOSX;
				PRODUCT_NAME = "$(TARGET_NAME)";
				SDKROOT = macosx;
				SWIFT_VERSION = 3.0;
			};
			name = Release;
		};
/* End XCBuildConfiguration section */

/* Begin XCConfigurationList section */
		C4E90D481C1DC61100715C0C /* Build configuration list for PBXProject "TestErik" */ = {
			isa = XCConfigurationList;
			buildConfigurations = (
				C4E90D5D1C1DC61200715C0C /* Debug */,
				C4E90D5E1C1DC61200715C0C /* Release */,
			);
			defaultConfigurationIsVisible = 0;
			defaultConfigurationName = Release;
		};
		C4E90D5F1C1DC61200715C0C /* Build configuration list for PBXNativeTarget "TestErik" */ = {
			isa = XCConfigurationList;
			buildConfigurations = (
				C4E90D601C1DC61200715C0C /* Debug */,
				C4E90D611C1DC61200715C0C /* Release */,
			);
			defaultConfigurationIsVisible = 0;
			defaultConfigurationName = Release;
		};
		C4E90D761C1DD22E00715C0C /* Build configuration list for PBXNativeTarget "TestErikOSX" */ = {
			isa = XCConfigurationList;
			buildConfigurations = (
				C4E90D771C1DD22E00715C0C /* Debug */,
				C4E90D781C1DD22E00715C0C /* Release */,
			);
			defaultConfigurationIsVisible = 0;
			defaultConfigurationName = Release;
		};
/* End XCConfigurationList section */
	};
	rootObject = C4E90D451C1DC61100715C0C /* Project object */;
}
